// !$*UTF8*$!
{
	archiveVersion = 1;
	classes = {
	};
	objectVersion = 46;
	objects = {

/* Begin PBXBuildFile section */
		77DD7A40198C9D6400159F0A /* AppDelegate.swift in Sources */ = {isa = PBXBuildFile; fileRef = 77DD7A3F198C9D6400159F0A /* AppDelegate.swift */; };
		77DD7A42198C9D6400159F0A /* ViewController.swift in Sources */ = {isa = PBXBuildFile; fileRef = 77DD7A41198C9D6400159F0A /* ViewController.swift */; };
		77DD7A45198C9D6400159F0A /* Main.storyboard in Resources */ = {isa = PBXBuildFile; fileRef = 77DD7A43198C9D6400159F0A /* Main.storyboard */; };
		77DD7A47198C9D6400159F0A /* Images.xcassets in Resources */ = {isa = PBXBuildFile; fileRef = 77DD7A46198C9D6400159F0A /* Images.xcassets */; };
		77DD7A53198C9D6400159F0A /* tipsTests.swift in Sources */ = {isa = PBXBuildFile; fileRef = 77DD7A52198C9D6400159F0A /* tipsTests.swift */; };
/* End PBXBuildFile section */

/* Begin PBXContainerItemProxy section */
		77DD7A4D198C9D6400159F0A /* PBXContainerItemProxy */ = {
			isa = PBXContainerItemProxy;
			containerPortal = 77DD7A32198C9D6400159F0A /* Project object */;
			proxyType = 1;
			remoteGlobalIDString = 77DD7A39198C9D6400159F0A;
			remoteInfo = tips;
		};
/* End PBXContainerItemProxy section */

/* Begin PBXFileReference section */
		77DD7A3A198C9D6400159F0A /* tips.app */ = {isa = PBXFileReference; explicitFileType = wrapper.application; includeInIndex = 0; path = tips.app; sourceTree = BUILT_PRODUCTS_DIR; };
		77DD7A3E198C9D6400159F0A /* Info.plist */ = {isa = PBXFileReference; lastKnownFileType = text.plist.xml; path = Info.plist; sourceTree = "<group>"; };
		77DD7A3F198C9D6400159F0A /* AppDelegate.swift */ = {isa = PBXFileReference; lastKnownFileType = sourcecode.swift; path = AppDelegate.swift; sourceTree = "<group>"; };
		77DD7A41198C9D6400159F0A /* ViewController.swift */ = {isa = PBXFileReference; lastKnownFileType = sourcecode.swift; path = ViewController.swift; sourceTree = "<group>"; };
		77DD7A44198C9D6400159F0A /* Base */ = {isa = PBXFileReference; lastKnownFileType = file.storyboard; name = Base; path = Base.lproj/Main.storyboard; sourceTree = "<group>"; };
		77DD7A46198C9D6400159F0A /* Images.xcassets */ = {isa = PBXFileReference; lastKnownFileType = folder.assetcatalog; path = Images.xcassets; sourceTree = "<group>"; };
		77DD7A4C198C9D6400159F0A /* tipsTests.xctest */ = {isa = PBXFileReference; explicitFileType = wrapper.cfbundle; includeInIndex = 0; path = tipsTests.xctest; sourceTree = BUILT_PRODUCTS_DIR; };
		77DD7A51198C9D6400159F0A /* Info.plist */ = {isa = PBXFileReference; lastKnownFileType = text.plist.xml; path = Info.plist; sourceTree = "<group>"; };
		77DD7A52198C9D6400159F0A /* tipsTests.swift */ = {isa = PBXFileReference; lastKnownFileType = sourcecode.swift; path = tipsTests.swift; sourceTree = "<group>"; };
/* End PBXFileReference section */

/* Begin PBXFrameworksBuildPhase section */
		77DD7A37198C9D6400159F0A /* Frameworks */ = {
			isa = PBXFrameworksBuildPhase;
			buildActionMask = 2147483647;
			files = (
			);
			runOnlyForDeploymentPostprocessing = 0;
		};
		77DD7A49198C9D6400159F0A /* Frameworks */ = {
			isa = PBXFrameworksBuildPhase;
			buildActionMask = 2147483647;
			files = (
			);
			runOnlyForDeploymentPostprocessing = 0;
		};
/* End PBXFrameworksBuildPhase section */

/* Begin PBXGroup section */
		77DD7A31198C9D6400159F0A = {
			isa = PBXGroup;
			children = (
				77DD7A3C198C9D6400159F0A /* tips */,
				77DD7A4F198C9D6400159F0A /* tipsTests */,
				77DD7A3B198C9D6400159F0A /* Products */,
			);
			sourceTree = "<group>";
		};
		77DD7A3B198C9D6400159F0A /* Products */ = {
			isa = PBXGroup;
			children = (
				77DD7A3A198C9D6400159F0A /* tips.app */,
				77DD7A4C198C9D6400159F0A /* tipsTests.xctest */,
			);
			name = Products;
			sourceTree = "<group>";
		};
		77DD7A3C198C9D6400159F0A /* tips */ = {
			isa = PBXGroup;
			children = (
				77DD7A3F198C9D6400159F0A /* AppDelegate.swift */,
				77DD7A41198C9D6400159F0A /* ViewController.swift */,
				77DD7A43198C9D6400159F0A /* Main.storyboard */,
				77DD7A46198C9D6400159F0A /* Images.xcassets */,
				77DD7A3D198C9D6400159F0A /* Supporting Files */,
			);
			path = tips;
			sourceTree = "<group>";
		};
		77DD7A3D198C9D6400159F0A /* Supporting Files */ = {
			isa = PBXGroup;
			children = (
				77DD7A3E198C9D6400159F0A /* Info.plist */,
			);
			name = "Supporting Files";
			sourceTree = "<group>";
		};
		77DD7A4F198C9D6400159F0A /* tipsTests */ = {
			isa = PBXGroup;
			children = (
				77DD7A52198C9D6400159F0A /* tipsTests.swift */,
				77DD7A50198C9D6400159F0A /* Supporting Files */,
			);
			path = tipsTests;
			sourceTree = "<group>";
		};
		77DD7A50198C9D6400159F0A /* Supporting Files */ = {
			isa = PBXGroup;
			children = (
				77DD7A51198C9D6400159F0A /* Info.plist */,
			);
			name = "Supporting Files";
			sourceTree = "<group>";
		};
/* End PBXGroup section */

/* Begin PBXNativeTarget section */
		77DD7A39198C9D6400159F0A /* tips */ = {
			isa = PBXNativeTarget;
			buildConfigurationList = 77DD7A56198C9D6400159F0A /* Build configuration list for PBXNativeTarget "tips" */;
			buildPhases = (
				77DD7A36198C9D6400159F0A /* Sources */,
				77DD7A37198C9D6400159F0A /* Frameworks */,
				77DD7A38198C9D6400159F0A /* Resources */,
			);
			buildRules = (
			);
			dependencies = (
			);
			name = tips;
			productName = tips;
			productReference = 77DD7A3A198C9D6400159F0A /* tips.app */;
			productType = "com.apple.product-type.application";
		};
		77DD7A4B198C9D6400159F0A /* tipsTests */ = {
			isa = PBXNativeTarget;
			buildConfigurationList = 77DD7A59198C9D6400159F0A /* Build configuration list for PBXNativeTarget "tipsTests" */;
			buildPhases = (
				77DD7A48198C9D6400159F0A /* Sources */,
				77DD7A49198C9D6400159F0A /* Frameworks */,
				77DD7A4A198C9D6400159F0A /* Resources */,
			);
			buildRules = (
			);
			dependencies = (
				77DD7A4E198C9D6400159F0A /* PBXTargetDependency */,
			);
			name = tipsTests;
			productName = tipsTests;
			productReference = 77DD7A4C198C9D6400159F0A /* tipsTests.xctest */;
			productType = "com.apple.product-type.bundle.unit-test";
		};
/* End PBXNativeTarget section */

/* Begin PBXProject section */
		77DD7A32198C9D6400159F0A /* Project object */ = {
			isa = PBXProject;
			attributes = {
				LastUpgradeCheck = 0600;
				ORGANIZATIONNAME = "David Kjelkerud";
				TargetAttributes = {
					77DD7A39198C9D6400159F0A = {
						CreatedOnToolsVersion = 6.0;
					};
					77DD7A4B198C9D6400159F0A = {
						CreatedOnToolsVersion = 6.0;
						TestTargetID = 77DD7A39198C9D6400159F0A;
					};
				};
			};
			buildConfigurationList = 77DD7A35198C9D6400159F0A /* Build configuration list for PBXProject "tips" */;
			compatibilityVersion = "Xcode 3.2";
			developmentRegion = English;
			hasScannedForEncodings = 0;
			knownRegions = (
				en,
				Base,
			);
			mainGroup = 77DD7A31198C9D6400159F0A;
			productRefGroup = 77DD7A3B198C9D6400159F0A /* Products */;
			projectDirPath = "";
			projectRoot = "";
			targets = (
				77DD7A39198C9D6400159F0A /* tips */,
				77DD7A4B198C9D6400159F0A /* tipsTests */,
			);
		};
/* End PBXProject section */

/* Begin PBXResourcesBuildPhase section */
		77DD7A38198C9D6400159F0A /* Resources */ = {
			isa = PBXResourcesBuildPhase;
			buildActionMask = 2147483647;
			files = (
				77DD7A45198C9D6400159F0A /* Main.storyboard in Resources */,
				77DD7A47198C9D6400159F0A /* Images.xcassets in Resources */,
			);
			runOnlyForDeploymentPostprocessing = 0;
		};
		77DD7A4A198C9D6400159F0A /* Resources */ = {
			isa = PBXResourcesBuildPhase;
			buildActionMask = 2147483647;
			files = (
			);
			runOnlyForDeploymentPostprocessing = 0;
		};
/* End PBXResourcesBuildPhase section */

/* Begin PBXSourcesBuildPhase section */
		77DD7A36198C9D6400159F0A /* Sources */ = {
			isa = PBXSourcesBuildPhase;
			buildActionMask = 2147483647;
			files = (
				77DD7A42198C9D6400159F0A /* ViewController.swift in Sources */,
				77DD7A40198C9D6400159F0A /* AppDelegate.swift in Sources */,
			);
			runOnlyForDeploymentPostprocessing = 0;
		};
		77DD7A48198C9D6400159F0A /* Sources */ = {
			isa = PBXSourcesBuildPhase;
			buildActionMask = 2147483647;
			files = (
				77DD7A53198C9D6400159F0A /* tipsTests.swift in Sources */,
			);
			runOnlyForDeploymentPostprocessing = 0;
		};
/* End PBXSourcesBuildPhase section */

/* Begin PBXTargetDependency section */
		77DD7A4E198C9D6400159F0A /* PBXTargetDependency */ = {
			isa = PBXTargetDependency;
			target = 77DD7A39198C9D6400159F0A /* tips */;
			targetProxy = 77DD7A4D198C9D6400159F0A /* PBXContainerItemProxy */;
		};
/* End PBXTargetDependency section */

/* Begin PBXVariantGroup section */
		77DD7A43198C9D6400159F0A /* Main.storyboard */ = {
			isa = PBXVariantGroup;
			children = (
				77DD7A44198C9D6400159F0A /* Base */,
			);
			name = Main.storyboard;
			sourceTree = "<group>";
		};
/* End PBXVariantGroup section */

/* Begin XCBuildConfiguration section */
		77DD7A54198C9D6400159F0A /* Debug */ = {
			isa = XCBuildConfiguration;
			buildSettings = {
				ALWAYS_SEARCH_USER_PATHS = NO;
				CLANG_CXX_LANGUAGE_STANDARD = "gnu++0x";
				CLANG_CXX_LIBRARY = "libc++";
				CLANG_ENABLE_MODULES = YES;
				CLANG_ENABLE_OBJC_ARC = YES;
				CLANG_WARN_BOOL_CONVERSION = YES;
				CLANG_WARN_CONSTANT_CONVERSION = YES;
				CLANG_WARN_DIRECT_OBJC_ISA_USAGE = YES_ERROR;
				CLANG_WARN_EMPTY_BODY = YES;
				CLANG_WARN_ENUM_CONVERSION = YES;
				CLANG_WARN_INT_CONVERSION = YES;
				CLANG_WARN_OBJC_ROOT_CLASS = YES_ERROR;
				CLANG_WARN_UNREACHABLE_CODE = YES;
				CLANG_WARN__DUPLICATE_METHOD_MATCH = YES;
				"CODE_SIGN_IDENTITY[sdk=iphoneos*]" = "iPhone Developer";
				COPY_PHASE_STRIP = NO;
				ENABLE_STRICT_OBJC_MSGSEND = YES;
				GCC_C_LANGUAGE_STANDARD = gnu99;
				GCC_DYNAMIC_NO_PIC = NO;
				GCC_OPTIMIZATION_LEVEL = 0;
				GCC_PREPROCESSOR_DEFINITIONS = (
					"DEBUG=1",
					"$(inherited)",
				);
				GCC_SYMBOLS_PRIVATE_EXTERN = NO;
				GCC_WARN_64_TO_32_BIT_CONVERSION = YES;
				GCC_WARN_ABOUT_RETURN_TYPE = YES_ERROR;
				GCC_WARN_UNDECLARED_SELECTOR = YES;
				GCC_WARN_UNINITIALIZED_AUTOS = YES_AGGRESSIVE;
				GCC_WARN_UNUSED_FUNCTION = YES;
				GCC_WARN_UNUSED_VARIABLE = YES;
				IPHONEOS_DEPLOYMENT_TARGET = 8.0;
				MTL_ENABLE_DEBUG_INFO = YES;
				ONLY_ACTIVE_ARCH = YES;
				SDKROOT = iphoneos;
				SWIFT_OPTIMIZATION_LEVEL = "-Onone";
			};
			name = Debug;
		};
		77DD7A55198C9D6400159F0A /* Release */ = {
			isa = XCBuildConfiguration;
			buildSettings = {
				ALWAYS_SEARCH_USER_PATHS = NO;
				CLANG_CXX_LANGUAGE_STANDARD = "gnu++0x";
				CLANG_CXX_LIBRARY = "libc++";
				CLANG_ENABLE_MODULES = YES;
				CLANG_ENABLE_OBJC_ARC = YES;
				CLANG_WARN_BOOL_CONVERSION = YES;
				CLANG_WARN_CONSTANT_CONVERSION = YES;
				CLANG_WARN_DIRECT_OBJC_ISA_USAGE = YES_ERROR;
				CLANG_WARN_EMPTY_BODY = YES;
				CLANG_WARN_ENUM_CONVERSION = YES;
				CLANG_WARN_INT_CONVERSION = YES;
				CLANG_WARN_OBJC_ROOT_CLASS = YES_ERROR;
				CLANG_WARN_UNREACHABLE_CODE = YES;
				CLANG_WARN__DUPLICATE_METHOD_MATCH = YES;
				"CODE_SIGN_IDENTITY[sdk=iphoneos*]" = "iPhone Developer";
				COPY_PHASE_STRIP = YES;
				ENABLE_NS_ASSERTIONS = NO;
				ENABLE_STRICT_OBJC_MSGSEND = YES;
				GCC_C_LANGUAGE_STANDARD = gnu99;
				GCC_WARN_64_TO_32_BIT_CONVERSION = YES;
				GCC_WARN_ABOUT_RETURN_TYPE = YES_ERROR;
				GCC_WARN_UNDECLARED_SELECTOR = YES;
				GCC_WARN_UNINITIALIZED_AUTOS = YES_AGGRESSIVE;
				GCC_WARN_UNUSED_FUNCTION = YES;
				GCC_WARN_UNUSED_VARIABLE = YES;
				IPHONEOS_DEPLOYMENT_TARGET = 8.0;
				MTL_ENABLE_DEBUG_INFO = NO;
				SDKROOT = iphoneos;
				VALIDATE_PRODUCT = YES;
			};
			name = Release;
		};
		77DD7A57198C9D6400159F0A /* Debug */ = {
			isa = XCBuildConfiguration;
			buildSettings = {
				ASSETCATALOG_COMPILER_APPICON_NAME = AppIcon;
				ASSETCATALOG_COMPILER_LAUNCHIMAGE_NAME = LaunchImage;
				INFOPLIST_FILE = tips/Info.plist;
				IPHONEOS_DEPLOYMENT_TARGET = 7.0;
				LD_RUNPATH_SEARCH_PATHS = "$(inherited) @executable_path/Frameworks";
				PRODUCT_NAME = "$(TARGET_NAME)";
			};
			name = Debug;
		};
		77DD7A58198C9D6400159F0A /* Release */ = {
			isa = XCBuildConfiguration;
			buildSettings = {
				ASSETCATALOG_COMPILER_APPICON_NAME = AppIcon;
				ASSETCATALOG_COMPILER_LAUNCHIMAGE_NAME = LaunchImage;
				INFOPLIST_FILE = tips/Info.plist;
				IPHONEOS_DEPLOYMENT_TARGET = 7.0;
				LD_RUNPATH_SEARCH_PATHS = "$(inherited) @executable_path/Frameworks";
				PRODUCT_NAME = "$(TARGET_NAME)";
			};
			name = Release;
		};
		77DD7A5A198C9D6400159F0A /* Debug */ = {
			isa = XCBuildConfiguration;
			buildSettings = {
				BUNDLE_LOADER = "$(BUILT_PRODUCTS_DIR)/tips.app/tips";
				FRAMEWORK_SEARCH_PATHS = (
					"$(SDKROOT)/Developer/Library/Frameworks",
					"$(inherited)",
				);
				GCC_PREPROCESSOR_DEFINITIONS = (
					"DEBUG=1",
					"$(inherited)",
				);
				INFOPLIST_FILE = tipsTests/Info.plist;
				LD_RUNPATH_SEARCH_PATHS = "$(inherited) @executable_path/Frameworks @loader_path/Frameworks";
				PRODUCT_NAME = "$(TARGET_NAME)";
				TEST_HOST = "$(BUNDLE_LOADER)";
			};
			name = Debug;
		};
		77DD7A5B198C9D6400159F0A /* Release */ = {
			isa = XCBuildConfiguration;
			buildSettings = {
				BUNDLE_LOADER = "$(BUILT_PRODUCTS_DIR)/tips.app/tips";
				FRAMEWORK_SEARCH_PATHS = (
					"$(SDKROOT)/Developer/Library/Frameworks",
					"$(inherited)",
				);
				INFOPLIST_FILE = tipsTests/Info.plist;
				LD_RUNPATH_SEARCH_PATHS = "$(inherited) @executable_path/Frameworks @loader_path/Frameworks";
				PRODUCT_NAME = "$(TARGET_NAME)";
				TEST_HOST = "$(BUNDLE_LOADER)";
			};
			name = Release;
		};
/* End XCBuildConfiguration section */

/* Begin XCConfigurationList section */
		77DD7A35198C9D6400159F0A /* Build configuration list for PBXProject "tips" */ = {
			isa = XCConfigurationList;
			buildConfigurations = (
				77DD7A54198C9D6400159F0A /* Debug */,
				77DD7A55198C9D6400159F0A /* Release */,
			);
			defaultConfigurationIsVisible = 0;
			defaultConfigurationName = Release;
		};
		77DD7A56198C9D6400159F0A /* Build configuration list for PBXNativeTarget "tips" */ = {
			isa = XCConfigurationList;
			buildConfigurations = (
				77DD7A57198C9D6400159F0A /* Debug */,
				77DD7A58198C9D6400159F0A /* Release */,
			);
			defaultConfigurationIsVisible = 0;
		};
		77DD7A59198C9D6400159F0A /* Build configuration list for PBXNativeTarget "tipsTests" */ = {
			isa = XCConfigurationList;
			buildConfigurations = (
				77DD7A5A198C9D6400159F0A /* Debug */,
				77DD7A5B198C9D6400159F0A /* Release */,
			);
			defaultConfigurationIsVisible = 0;
		};
/* End XCConfigurationList section */
	};
	rootObject = 77DD7A32198C9D6400159F0A /* Project object */;
}
